
Microsoft Visual Studio Solution File, Format Version 12.00
# Visual Studio Version 17
VisualStudioVersion = 17.0.31903.59
MinimumVisualStudioVersion = 10.0.40219.1
Project("{9A19103F-16F7-4668-BE54-9A1E7A4F7556}") = "Inventory.Core.Api", "Inventory.Core.Api\Inventory.Core.Api.csproj", "{11267911-C649-4E1A-889B-00AB447F0399}"
EndProject
Global
	GlobalSection(SolutionConfigurationPlatforms) = preSolution
		Debug|Any CPU = Debug|Any CPU
		Release|Any CPU = Release|Any CPU
	EndGlobalSection
	GlobalSection(ProjectConfigurationPlatforms) = postSolution
		{11267911-C649-4E1A-889B-00AB447F0399}.Debug|Any CPU.ActiveCfg = Debug|Any CPU
		{11267911-C649-4E1A-889B-00AB447F0399}.Debug|Any CPU.Build.0 = Debug|Any CPU
		{11267911-C649-4E1A-889B-00AB447F0399}.Release|Any CPU.ActiveCfg = Release|Any CPU
		{11267911-C649-4E1A-889B-00AB447F0399}.Release|Any CPU.Build.0 = Release|Any CPU
	EndGlobalSection
	GlobalSection(SolutionProperties) = preSolution
		HideSolutionNode = FALSE
	EndGlobalSection
	GlobalSection(ExtensibilityGlobals) = postSolution
		SolutionGuid = {83EBB8F3-EE02-4B38-9112-1669434A1FEE}
	EndGlobalSection
EndGlobal
