
Microsoft Visual Studio Solution File, Format Version 12.00
# Visual Studio Version 17
VisualStudioVersion = 17.0.31903.59
MinimumVisualStudioVersion = 10.0.40219.1
Project("{9A19103F-16F7-4668-BE54-9A1E7A4F7556}") = "Inventory.Core.Api", "rest\Inventory.Core.Api\Inventory.Core.Api.csproj", "{35BC1A07-1123-4567-A4AE-96D089605169}"
EndProject
Project("{2150E333-8FDC-42A3-9474-1A3956D46DE8}") = "rest", "rest", "{4EF2102E-AA5D-46C8-9220-FE4E054C8B35}"
EndProject
Project("{2150E333-8FDC-42A3-9474-1A3956D46DE8}") = "graphql", "graphql", "{0933669F-56AE-4CBB-B825-FFC0440493CA}"
	ProjectSection(SolutionItems) = preProject
		.gitkeep = .gitkeep
	EndProjectSection
EndProject
Global
	GlobalSection(SolutionConfigurationPlatforms) = preSolution
		Debug|Any CPU = Debug|Any CPU
		Release|Any CPU = Release|Any CPU
	EndGlobalSection
	GlobalSection(ProjectConfigurationPlatforms) = postSolution
		{35BC1A07-1123-4567-A4AE-96D089605169}.Debug|Any CPU.ActiveCfg = Debug|Any CPU
		{35BC1A07-1123-4567-A4AE-96D089605169}.Debug|Any CPU.Build.0 = Debug|Any CPU
		{35BC1A07-1123-4567-A4AE-96D089605169}.Release|Any CPU.ActiveCfg = Release|Any CPU
		{35BC1A07-1123-4567-A4AE-96D089605169}.Release|Any CPU.Build.0 = Release|Any CPU
	EndGlobalSection
	GlobalSection(SolutionProperties) = preSolution
		HideSolutionNode = FALSE
	EndGlobalSection
	GlobalSection(NestedProjects) = preSolution
		{35BC1A07-1123-4567-A4AE-96D089605169} = {4EF2102E-AA5D-46C8-9220-FE4E054C8B35}
	EndGlobalSection
	GlobalSection(ExtensibilityGlobals) = postSolution
		SolutionGuid = {83EBB8F3-EE02-4B38-9112-1669434A1FEE}
	EndGlobalSection
EndGlobal
